// !$*UTF8*$!
{
	archiveVersion = 1;
	classes = {
	};
	objectVersion = 77;
	objects = {

/* Begin PBXBuildFile section */
		83646B8C303A1FDB008A65A1 /* Alamofire in Frameworks */ = {isa = PBXBuildFile; productRef = 83646B8B303A1FDB008A65A1 /* Alamofire */; };
		83646B8F303A203C008A65A1 /* AlamofireImage in Frameworks */ = {isa = PBXBuildFile; productRef = 83646B8E303A203C008A65A1 /* AlamofireImage */; };
		83646D2B303AE0C7008A65A1 /* IQKeyboardManagerSwift in Frameworks */ = {isa = PBXBuildFile; productRef = 83646D2A303AE0C7008A65A1 /* IQKeyboardManagerSwift */; };
		83646D32303AE1A7008A65A1 /* KeychainSwift in Frameworks */ = {isa = PBXBuildFile; productRef = 83646D31303AE1A7008A65A1 /* KeychainSwift */; };
		83646D4F303AE663008A65A1 /* ProgressHUD in Frameworks */ = {isa = PBXBuildFile; productRef = 83646D4E303AE663008A65A1 /* ProgressHUD */; };
		83646D52303AE6CE008A65A1 /* Toast in Frameworks */ = {isa = PBXBuildFile; productRef = 83646D51303AE6CE008A65A1 /* Toast */; };
/* End PBXBuildFile section */

/* Begin PBXFileReference section */
		83646B7C303A0C18008A65A1 /* SpiritualAllies.app */ = {isa = PBXFileReference; explicitFileType = wrapper.application; includeInIndex = 0; path = SpiritualAllies.app; sourceTree = BUILT_PRODUCTS_DIR; };
/* End PBXFileReference section */

/* Begin PBXFileSystemSynchronizedRootGroup section */
		83646B7E303A0C18008A65A1 /* SpiritualAllies */ = {
			isa = PBXFileSystemSynchronizedRootGroup;
			path = SpiritualAllies;
			sourceTree = "<group>";
		};
/* End PBXFileSystemSynchronizedRootGroup section */

/* Begin PBXFrameworksBuildPhase section */
		83646B79303A0C18008A65A1 /* Frameworks */ = {
			isa = PBXFrameworksBuildPhase;
			buildActionMask = 2147483647;
			files = (
				83646D52303AE6CE008A65A1 /* Toast in Frameworks */,
				83646D4F303AE663008A65A1 /* ProgressHUD in Frameworks */,
				83646B8C303A1FDB008A65A1 /* Alamofire in Frameworks */,
				83646B8F303A203C008A65A1 /* AlamofireImage in Frameworks */,
				83646D32303AE1A7008A65A1 /* KeychainSwift in Frameworks */,
				83646D2B303AE0C7008A65A1 /* IQKeyboardManagerSwift in Frameworks */,
			);
			runOnlyForDeploymentPostprocessing = 0;
		};
/* End PBXFrameworksBuildPhase section */

/* Begin PBXGroup section */
		83646B73303A0C18008A65A1 = {
			isa = PBXGroup;
			children = (
				83646B7E303A0C18008A65A1 /* SpiritualAllies */,
				83646B7D303A0C18008A65A1 /* Products */,
			);
			sourceTree = "<group>";
		};
		83646B7D303A0C18008A65A1 /* Products */ = {
			isa = PBXGroup;
			children = (
				83646B7C303A0C18008A65A1 /* SpiritualAllies.app */,
			);
			name = Products;
			sourceTree = "<group>";
		};
/* End PBXGroup section */

/* Begin PBXNativeTarget section */
		83646B7B303A0C18008A65A1 /* SpiritualAllies */ = {
			isa = PBXNativeTarget;
			buildConfigurationList = 83646B87303A0C1A008A65A1 /* Build configuration list for PBXNativeTarget "SpiritualAllies" */;
			buildPhases = (
				83646B78303A0C18008A65A1 /* Sources */,
				83646B79303A0C18008A65A1 /* Frameworks */,
				83646B7A303A0C18008A65A1 /* Resources */,
			);
			buildRules = (
			);
			dependencies = (
			);
			fileSystemSynchronizedGroups = (
				83646B7E303A0C18008A65A1 /* SpiritualAllies */,
			);
			name = SpiritualAllies;
			packageProductDependencies = (
				83646B8B303A1FDB008A65A1 /* Alamofire */,
				83646B8E303A203C008A65A1 /* AlamofireImage */,
				83646D2A303AE0C7008A65A1 /* IQKeyboardManagerSwift */,
				83646D31303AE1A7008A65A1 /* KeychainSwift */,
				83646D4E303AE663008A65A1 /* ProgressHUD */,
				83646D51303AE6CE008A65A1 /* Toast */,
			);
			productName = SpiritualAllies;
			productReference = 83646B7C303A0C18008A65A1 /* SpiritualAllies.app */;
			productType = "com.apple.product-type.application";
		};
/* End PBXNativeTarget section */

/* Begin PBXProject section */
		83646B74303A0C18008A65A1 /* Project object */ = {
			isa = PBXProject;
			attributes = {
				BuildIndependentTargetsInParallel = 1;
				LastSwiftUpdateCheck = 2650;
				LastUpgradeCheck = 2650;
				TargetAttributes = {
					83646B7B303A0C18008A65A1 = {
						CreatedOnToolsVersion = 26.5;
					};
				};
			};
			buildConfigurationList = 83646B77303A0C18008A65A1 /* Build configuration list for PBXProject "SpiritualAllies" */;
			developmentRegion = en;
			hasScannedForEncodings = 0;
			knownRegions = (
				en,
				Base,
				hi,
			);
			mainGroup = 83646B73303A0C18008A65A1;
			minimizedProjectReferenceProxies = 1;
			packageReferences = (
				83646B8A303A1FDB008A65A1 /* XCRemoteSwiftPackageReference "Alamofire" */,
				83646B8D303A203C008A65A1 /* XCRemoteSwiftPackageReference "AlamofireImage" */,
				83646D29303AE0C7008A65A1 /* XCRemoteSwiftPackageReference "IQKeyboardManager" */,
				83646D30303AE1A7008A65A1 /* XCRemoteSwiftPackageReference "keychain-swift" */,
				83646D4D303AE663008A65A1 /* XCRemoteSwiftPackageReference "ProgressHUD" */,
				83646D50303AE6CE008A65A1 /* XCRemoteSwiftPackageReference "Toast-Swift" */,
			);
			preferredProjectObjectVersion = 77;
			productRefGroup = 83646B7D303A0C18008A65A1 /* Products */;
			projectDirPath = "";
			projectRoot = "";
			targets = (
				83646B7B303A0C18008A65A1 /* SpiritualAllies */,
			);
		};
/* End PBXProject section */

/* Begin PBXResourcesBuildPhase section */
		83646B7A303A0C18008A65A1 /* Resources */ = {
			isa = PBXResourcesBuildPhase;
			buildActionMask = 2147483647;
			files = (
			);
			runOnlyForDeploymentPostprocessing = 0;
		};
/* End PBXResourcesBuildPhase section */

/* Begin PBXSourcesBuildPhase section */
		83646B78303A0C18008A65A1 /* Sources */ = {
			isa = PBXSourcesBuildPhase;
			buildActionMask = 2147483647;
			files = (
			);
			runOnlyForDeploymentPostprocessing = 0;
		};
/* End PBXSourcesBuildPhase section */

/* Begin XCBuildConfiguration section */
		83646B85303A0C1A008A65A1 /* Debug */ = {
			isa = XCBuildConfiguration;
			buildSettings = {
				ALWAYS_SEARCH_USER_PATHS = NO;
				ASSETCATALOG_COMPILER_GENERATE_SWIFT_ASSET_SYMBOL_EXTENSIONS = YES;
				CLANG_ANALYZER_NONNULL = YES;
				CLANG_ANALYZER_NUMBER_OBJECT_CONVERSION = YES_AGGRESSIVE;
				CLANG_CXX_LANGUAGE_STANDARD = "gnu++20";
				CLANG_ENABLE_MODULES = YES;
				CLANG_ENABLE_OBJC_ARC = YES;
				CLANG_ENABLE_OBJC_WEAK = YES;
				CLANG_WARN_BLOCK_CAPTURE_AUTORELEASING = YES;
				CLANG_WARN_BOOL_CONVERSION = YES;
				CLANG_WARN_COMMA = YES;
				CLANG_WARN_CONSTANT_CONVERSION = YES;
				CLANG_WARN_DEPRECATED_OBJC_IMPLEMENTATIONS = YES;
				CLANG_WARN_DIRECT_OBJC_ISA_USAGE = YES_ERROR;
				CLANG_WARN_DOCUMENTATION_COMMENTS = YES;
				CLANG_WARN_EMPTY_BODY = YES;
				CLANG_WARN_ENUM_CONVERSION = YES;
				CLANG_WARN_INFINITE_RECURSION = YES;
				CLANG_WARN_INT_CONVERSION = YES;
				CLANG_WARN_NON_LITERAL_NULL_CONVERSION = YES;
				CLANG_WARN_OBJC_IMPLICIT_RETAIN_SELF = YES;
				CLANG_WARN_OBJC_LITERAL_CONVERSION = YES;
				CLANG_WARN_OBJC_ROOT_CLASS = YES_ERROR;
				CLANG_WARN_QUOTED_INCLUDE_IN_FRAMEWORK_HEADER = YES;
				CLANG_WARN_RANGE_LOOP_ANALYSIS = YES;
				CLANG_WARN_STRICT_PROTOTYPES = YES;
				CLANG_WARN_SUSPICIOUS_MOVE = YES;
				CLANG_WARN_UNGUARDED_AVAILABILITY = YES_AGGRESSIVE;
				CLANG_WARN_UNREACHABLE_CODE = YES;
				CLANG_WARN__DUPLICATE_METHOD_MATCH = YES;
				COPY_PHASE_STRIP = NO;
				DEBUG_INFORMATION_FORMAT = dwarf;
				DEVELOPMENT_TEAM = 5M89MX75MX;
				ENABLE_STRICT_OBJC_MSGSEND = YES;
				ENABLE_TESTABILITY = YES;
				ENABLE_USER_SCRIPT_SANDBOXING = YES;
				GCC_C_LANGUAGE_STANDARD = gnu17;
				GCC_DYNAMIC_NO_PIC = NO;
				GCC_NO_COMMON_BLOCKS = YES;
				GCC_OPTIMIZATION_LEVEL = 0;
				GCC_PREPROCESSOR_DEFINITIONS = (
					"DEBUG=1",
					"$(inherited)",
				);
				GCC_WARN_64_TO_32_BIT_CONVERSION = YES;
				GCC_WARN_ABOUT_RETURN_TYPE = YES_ERROR;
				GCC_WARN_UNDECLARED_SELECTOR = YES;
				GCC_WARN_UNINITIALIZED_AUTOS = YES_AGGRESSIVE;
				GCC_WARN_UNUSED_FUNCTION = YES;
				GCC_WARN_UNUSED_VARIABLE = YES;
				IPHONEOS_DEPLOYMENT_TARGET = 26.5;
				LOCALIZATION_PREFERS_STRING_CATALOGS = YES;
				MTL_ENABLE_DEBUG_INFO = INCLUDE_SOURCE;
				MTL_FAST_MATH = YES;
				ONLY_ACTIVE_ARCH = YES;
				SDKROOT = iphoneos;
				SWIFT_ACTIVE_COMPILATION_CONDITIONS = "DEBUG $(inherited)";
				SWIFT_OPTIMIZATION_LEVEL = "-Onone";
			};
			name = Debug;
		};
		83646B86303A0C1A008A65A1 /* Release */ = {
			isa = XCBuildConfiguration;
			buildSettings = {
				ALWAYS_SEARCH_USER_PATHS = NO;
				ASSETCATALOG_COMPILER_GENERATE_SWIFT_ASSET_SYMBOL_EXTENSIONS = YES;
				CLANG_ANALYZER_NONNULL = YES;
				CLANG_ANALYZER_NUMBER_OBJECT_CONVERSION = YES_AGGRESSIVE;
				CLANG_CXX_LANGUAGE_STANDARD = "gnu++20";
				CLANG_ENABLE_MODULES = YES;
				CLANG_ENABLE_OBJC_ARC = YES;
				CLANG_ENABLE_OBJC_WEAK = YES;
				CLANG_WARN_BLOCK_CAPTURE_AUTORELEASING = YES;
				CLANG_WARN_BOOL_CONVERSION = YES;
				CLANG_WARN_COMMA = YES;
				CLANG_WARN_CONSTANT_CONVERSION = YES;
				CLANG_WARN_DEPRECATED_OBJC_IMPLEMENTATIONS = YES;
				CLANG_WARN_DIRECT_OBJC_ISA_USAGE = YES_ERROR;
				CLANG_WARN_DOCUMENTATION_COMMENTS = YES;
				CLANG_WARN_EMPTY_BODY = YES;
				CLANG_WARN_ENUM_CONVERSION = YES;
				CLANG_WARN_INFINITE_RECURSION = YES;
				CLANG_WARN_INT_CONVERSION = YES;
				CLANG_WARN_NON_LITERAL_NULL_CONVERSION = YES;
				CLANG_WARN_OBJC_IMPLICIT_RETAIN_SELF = YES;
				CLANG_WARN_OBJC_LITERAL_CONVERSION = YES;
				CLANG_WARN_OBJC_ROOT_CLASS = YES_ERROR;
				CLANG_WARN_QUOTED_INCLUDE_IN_FRAMEWORK_HEADER = YES;
				CLANG_WARN_RANGE_LOOP_ANALYSIS = YES;
				CLANG_WARN_STRICT_PROTOTYPES = YES;
				CLANG_WARN_SUSPICIOUS_MOVE = YES;
				CLANG_WARN_UNGUARDED_AVAILABILITY = YES_AGGRESSIVE;
				CLANG_WARN_UNREACHABLE_CODE = YES;
				CLANG_WARN__DUPLICATE_METHOD_MATCH = YES;
				COPY_PHASE_STRIP = NO;
				DEBUG_INFORMATION_FORMAT = "dwarf-with-dsym";
				DEVELOPMENT_TEAM = 5M89MX75MX;
				ENABLE_NS_ASSERTIONS = NO;
				ENABLE_STRICT_OBJC_MSGSEND = YES;
				ENABLE_USER_SCRIPT_SANDBOXING = YES;
				GCC_C_LANGUAGE_STANDARD = gnu17;
				GCC_NO_COMMON_BLOCKS = YES;
				GCC_WARN_64_TO_32_BIT_CONVERSION = YES;
				GCC_WARN_ABOUT_RETURN_TYPE = YES_ERROR;
				GCC_WARN_UNDECLARED_SELECTOR = YES;
				GCC_WARN_UNINITIALIZED_AUTOS = YES_AGGRESSIVE;
				GCC_WARN_UNUSED_FUNCTION = YES;
				GCC_WARN_UNUSED_VARIABLE = YES;
				IPHONEOS_DEPLOYMENT_TARGET = 26.5;
				LOCALIZATION_PREFERS_STRING_CATALOGS = YES;
				MTL_ENABLE_DEBUG_INFO = NO;
				MTL_FAST_MATH = YES;
				SDKROOT = iphoneos;
				SWIFT_COMPILATION_MODE = wholemodule;
				VALIDATE_PRODUCT = YES;
			};
			name = Release;
		};
		83646B88303A0C1A008A65A1 /* Debug */ = {
			isa = XCBuildConfiguration;
			buildSettings = {
				ASSETCATALOG_COMPILER_APPICON_NAME = AppIcon;
				ASSETCATALOG_COMPILER_GLOBAL_ACCENT_COLOR_NAME = AccentColor;
				CODE_SIGN_STYLE = Automatic;
				CURRENT_PROJECT_VERSION = 1;
				DEVELOPMENT_TEAM = 5M89MX75MX;
				ENABLE_PREVIEWS = YES;
				GENERATE_INFOPLIST_FILE = YES;
				INFOPLIST_KEY_UIApplicationSceneManifest_Generation = YES;
				INFOPLIST_KEY_UIApplicationSupportsIndirectInputEvents = YES;
				INFOPLIST_KEY_UILaunchScreen_Generation = YES;
				INFOPLIST_KEY_UISupportedInterfaceOrientations_iPad = "UIInterfaceOrientationPortrait UIInterfaceOrientationPortraitUpsideDown UIInterfaceOrientationLandscapeLeft UIInterfaceOrientationLandscapeRight";
				INFOPLIST_KEY_UISupportedInterfaceOrientations_iPhone = "UIInterfaceOrientationPortrait UIInterfaceOrientationLandscapeLeft UIInterfaceOrientationLandscapeRight";
				LD_RUNPATH_SEARCH_PATHS = (
					"$(inherited)",
					"@executable_path/Frameworks",
				);
				MARKETING_VERSION = 1.0;
				PRODUCT_BUNDLE_IDENTIFIER = com.app.pickleballnow.SpiritualAllies;
				PRODUCT_NAME = "$(TARGET_NAME)";
				STRING_CATALOG_GENERATE_SYMBOLS = YES;
				SWIFT_APPROACHABLE_CONCURRENCY = YES;
				SWIFT_DEFAULT_ACTOR_ISOLATION = MainActor;
				SWIFT_EMIT_LOC_STRINGS = YES;
				SWIFT_UPCOMING_FEATURE_MEMBER_IMPORT_VISIBILITY = YES;
				SWIFT_VERSION = 5.0;
				TARGETED_DEVICE_FAMILY = "1,2";
			};
			name = Debug;
		};
		83646B89303A0C1A008A65A1 /* Release */ = {
			isa = XCBuildConfiguration;
			buildSettings = {
				ASSETCATALOG_COMPILER_APPICON_NAME = AppIcon;
				ASSETCATALOG_COMPILER_GLOBAL_ACCENT_COLOR_NAME = AccentColor;
				CODE_SIGN_STYLE = Automatic;
				CURRENT_PROJECT_VERSION = 1;
				DEVELOPMENT_TEAM = 5M89MX75MX;
				ENABLE_PREVIEWS = YES;
				GENERATE_INFOPLIST_FILE = YES;
				INFOPLIST_KEY_UIApplicationSceneManifest_Generation = YES;
				INFOPLIST_KEY_UIApplicationSupportsIndirectInputEvents = YES;
				INFOPLIST_KEY_UILaunchScreen_Generation = YES;
				INFOPLIST_KEY_UISupportedInterfaceOrientations_iPad = "UIInterfaceOrientationPortrait UIInterfaceOrientationPortraitUpsideDown UIInterfaceOrientationLandscapeLeft UIInterfaceOrientationLandscapeRight";
				INFOPLIST_KEY_UISupportedInterfaceOrientations_iPhone = "UIInterfaceOrientationPortrait UIInterfaceOrientationLandscapeLeft UIInterfaceOrientationLandscapeRight";
				LD_RUNPATH_SEARCH_PATHS = (
					"$(inherited)",
					"@executable_path/Frameworks",
				);
				MARKETING_VERSION = 1.0;
				PRODUCT_BUNDLE_IDENTIFIER = com.app.pickleballnow.SpiritualAllies;
				PRODUCT_NAME = "$(TARGET_NAME)";
				STRING_CATALOG_GENERATE_SYMBOLS = YES;
				SWIFT_APPROACHABLE_CONCURRENCY = YES;
				SWIFT_DEFAULT_ACTOR_ISOLATION = MainActor;
				SWIFT_EMIT_LOC_STRINGS = YES;
				SWIFT_UPCOMING_FEATURE_MEMBER_IMPORT_VISIBILITY = YES;
				SWIFT_VERSION = 5.0;
				TARGETED_DEVICE_FAMILY = "1,2";
			};
			name = Release;
		};
/* End XCBuildConfiguration section */

/* Begin XCConfigurationList section */
		83646B77303A0C18008A65A1 /* Build configuration list for PBXProject "SpiritualAllies" */ = {
			isa = XCConfigurationList;
			buildConfigurations = (
				83646B85303A0C1A008A65A1 /* Debug */,
				83646B86303A0C1A008A65A1 /* Release */,
			);
			defaultConfigurationIsVisible = 0;
			defaultConfigurationName = Release;
		};
		83646B87303A0C1A008A65A1 /* Build configuration list for PBXNativeTarget "SpiritualAllies" */ = {
			isa = XCConfigurationList;
			buildConfigurations = (
				83646B88303A0C1A008A65A1 /* Debug */,
				83646B89303A0C1A008A65A1 /* Release */,
			);
			defaultConfigurationIsVisible = 0;
			defaultConfigurationName = Release;
		};
/* End XCConfigurationList section */

/* Begin XCRemoteSwiftPackageReference section */
		83646B8A303A1FDB008A65A1 /* XCRemoteSwiftPackageReference "Alamofire" */ = {
			isa = XCRemoteSwiftPackageReference;
			repositoryURL = "https://github.com/Alamofire/Alamofire.git";
			requirement = {
				kind = upToNextMajorVersion;
				minimumVersion = 5.12.0;
			};
		};
		83646B8D303A203C008A65A1 /* XCRemoteSwiftPackageReference "AlamofireImage" */ = {
			isa = XCRemoteSwiftPackageReference;
			repositoryURL = "https://github.com/Alamofire/AlamofireImage.git";
			requirement = {
				kind = upToNextMajorVersion;
				minimumVersion = 4.4.0;
			};
		};
		83646D29303AE0C7008A65A1 /* XCRemoteSwiftPackageReference "IQKeyboardManager" */ = {
			isa = XCRemoteSwiftPackageReference;
			repositoryURL = "https://github.com/hackiftekhar/IQKeyboardManager.git";
			requirement = {
				kind = upToNextMajorVersion;
				minimumVersion = 8.0.3;
			};
		};
		83646D30303AE1A7008A65A1 /* XCRemoteSwiftPackageReference "keychain-swift" */ = {
			isa = XCRemoteSwiftPackageReference;
			repositoryURL = "https://github.com/evgenyneu/keychain-swift.git";
			requirement = {
				kind = upToNextMajorVersion;
				minimumVersion = 24.0.0;
			};
		};
		83646D4D303AE663008A65A1 /* XCRemoteSwiftPackageReference "ProgressHUD" */ = {
			isa = XCRemoteSwiftPackageReference;
			repositoryURL = "https://github.com/relatedcode/ProgressHUD";
			requirement = {
				kind = upToNextMajorVersion;
				minimumVersion = 15.0.2;
			};
		};
		83646D50303AE6CE008A65A1 /* XCRemoteSwiftPackageReference "Toast-Swift" */ = {
			isa = XCRemoteSwiftPackageReference;
			repositoryURL = "https://github.com/scalessec/Toast-Swift.git";
			requirement = {
				kind = upToNextMajorVersion;
				minimumVersion = 5.1.1;
			};
		};
/* End XCRemoteSwiftPackageReference section */

/* Begin XCSwiftPackageProductDependency section */
		83646B8B303A1FDB008A65A1 /* Alamofire */ = {
			isa = XCSwiftPackageProductDependency;
			package = 83646B8A303A1FDB008A65A1 /* XCRemoteSwiftPackageReference "Alamofire" */;
			productName = Alamofire;
		};
		83646B8E303A203C008A65A1 /* AlamofireImage */ = {
			isa = XCSwiftPackageProductDependency;
			package = 83646B8D303A203C008A65A1 /* XCRemoteSwiftPackageReference "AlamofireImage" */;
			productName = AlamofireImage;
		};
		83646D2A303AE0C7008A65A1 /* IQKeyboardManagerSwift */ = {
			isa = XCSwiftPackageProductDependency;
			package = 83646D29303AE0C7008A65A1 /* XCRemoteSwiftPackageReference "IQKeyboardManager" */;
			productName = IQKeyboardManagerSwift;
		};
		83646D31303AE1A7008A65A1 /* KeychainSwift */ = {
			isa = XCSwiftPackageProductDependency;
			package = 83646D30303AE1A7008A65A1 /* XCRemoteSwiftPackageReference "keychain-swift" */;
			productName = KeychainSwift;
		};
		83646D4E303AE663008A65A1 /* ProgressHUD */ = {
			isa = XCSwiftPackageProductDependency;
			package = 83646D4D303AE663008A65A1 /* XCRemoteSwiftPackageReference "ProgressHUD" */;
			productName = ProgressHUD;
		};
		83646D51303AE6CE008A65A1 /* Toast */ = {
			isa = XCSwiftPackageProductDependency;
			package = 83646D50303AE6CE008A65A1 /* XCRemoteSwiftPackageReference "Toast-Swift" */;
			productName = Toast;
		};
/* End XCSwiftPackageProductDependency section */
	};
	rootObject = 83646B74303A0C18008A65A1 /* Project object */;
}
